
Microsoft Visual Studio Solution File, Format Version 12.00
# Visual Studio Version 17
VisualStudioVersion = 17.12.35707.178 d17.12
MinimumVisualStudioVersion = 10.0.40219.1
Project("{FAE04EC0-301F-11D3-BF4B-00C04F79EFBC}") = "SistemaEscolar", "SistemaEscolar.csproj", "{15E9FD06-6F9E-43E0-86CB-2DC26758B453}"
EndProject
Project("{FAE04EC0-301F-11D3-BF4B-00C04F79EFBC}") = "Logica", "..\Logica\Logica.csproj", "{658418F2-1801-4D81-941C-0874646F984E}"
EndProject
Project("{FAE04EC0-301F-11D3-BF4B-00C04F79EFBC}") = "Datos", "..\Datos\Datos.csproj", "{830A7097-F576-46FD-A905-6EDAEBE48323}"
EndProject
Global
	GlobalSection(SolutionConfigurationPlatforms) = preSolution
		Debug|Any CPU = Debug|Any CPU
		Release|Any CPU = Release|Any CPU
	EndGlobalSection
	GlobalSection(ProjectConfigurationPlatforms) = postSolution
		{15E9FD06-6F9E-43E0-86CB-2DC26758B453}.Debug|Any CPU.ActiveCfg = Debug|Any CPU
		{15E9FD06-6F9E-43E0-86CB-2DC26758B453}.Debug|Any CPU.Build.0 = Debug|Any CPU
		{15E9FD06-6F9E-43E0-86CB-2DC26758B453}.Release|Any CPU.ActiveCfg = Release|Any CPU
		{15E9FD06-6F9E-43E0-86CB-2DC26758B453}.Release|Any CPU.Build.0 = Release|Any CPU
		{658418F2-1801-4D81-941C-0874646F984E}.Debug|Any CPU.ActiveCfg = Debug|Any CPU
		{658418F2-1801-4D81-941C-0874646F984E}.Debug|Any CPU.Build.0 = Debug|Any CPU
		{658418F2-1801-4D81-941C-0874646F984E}.Release|Any CPU.ActiveCfg = Release|Any CPU
		{658418F2-1801-4D81-941C-0874646F984E}.Release|Any CPU.Build.0 = Release|Any CPU
		{830A7097-F576-46FD-A905-6EDAEBE48323}.Debug|Any CPU.ActiveCfg = Debug|Any CPU
		{830A7097-F576-46FD-A905-6EDAEBE48323}.Debug|Any CPU.Build.0 = Debug|Any CPU
		{830A7097-F576-46FD-A905-6EDAEBE48323}.Release|Any CPU.ActiveCfg = Release|Any CPU
		{830A7097-F576-46FD-A905-6EDAEBE48323}.Release|Any CPU.Build.0 = Release|Any CPU
	EndGlobalSection
	GlobalSection(SolutionProperties) = preSolution
		HideSolutionNode = FALSE
	EndGlobalSection
EndGlobal
